
Microsoft Visual Studio Solution File, Format Version 12.00
# Visual Studio 14
VisualStudioVersion = 14.0.24720.0
MinimumVisualStudioVersion = 10.0.40219.1
Project("{8BC9CEB8-8B4A-11D0-8D11-00A0C91BC942}") = "StaticLib", "StaticLib\StaticLib.vcxproj", "{0BF8EBEE-A269-4B50-837B-D72B1BC471BA}"
EndProject
Project("{8BC9CEB8-8B4A-11D0-8D11-00A0C91BC942}") = "ClassLib", "ClassLib\ClassLib.vcxproj", "{5F044342-CA76-49A6-9E1B-4E0B4F23426A}"
EndProject
Project("{FAE04EC0-301F-11D3-BF4B-00C04F79EFBC}") = "csApp", "csApp\csApp.csproj", "{F243334B-FD64-4684-AAC2-75D04E4BBE9E}"
EndProject
Global
	GlobalSection(SolutionConfigurationPlatforms) = preSolution
		Debug|Any CPU = Debug|Any CPU
		Debug|x64 = Debug|x64
		Debug|x86 = Debug|x86
		Release|Any CPU = Release|Any CPU
		Release|x64 = Release|x64
		Release|x86 = Release|x86
	EndGlobalSection
	GlobalSection(ProjectConfigurationPlatforms) = postSolution
		{0BF8EBEE-A269-4B50-837B-D72B1BC471BA}.Debug|Any CPU.ActiveCfg = Debug|Win32
		{0BF8EBEE-A269-4B50-837B-D72B1BC471BA}.Debug|x64.ActiveCfg = Debug|x64
		{0BF8EBEE-A269-4B50-837B-D72B1BC471BA}.Debug|x64.Build.0 = Debug|x64
		{0BF8EBEE-A269-4B50-837B-D72B1BC471BA}.Debug|x86.ActiveCfg = Debug|Win32
		{0BF8EBEE-A269-4B50-837B-D72B1BC471BA}.Debug|x86.Build.0 = Debug|Win32
		{0BF8EBEE-A269-4B50-837B-D72B1BC471BA}.Release|Any CPU.ActiveCfg = Release|Win32
		{0BF8EBEE-A269-4B50-837B-D72B1BC471BA}.Release|x64.ActiveCfg = Release|x64
		{0BF8EBEE-A269-4B50-837B-D72B1BC471BA}.Release|x64.Build.0 = Release|x64
		{0BF8EBEE-A269-4B50-837B-D72B1BC471BA}.Release|x86.ActiveCfg = Release|Win32
		{0BF8EBEE-A269-4B50-837B-D72B1BC471BA}.Release|x86.Build.0 = Release|Win32
		{5F044342-CA76-49A6-9E1B-4E0B4F23426A}.Debug|Any CPU.ActiveCfg = Debug|Win32
		{5F044342-CA76-49A6-9E1B-4E0B4F23426A}.Debug|x64.ActiveCfg = Debug|x64
		{5F044342-CA76-49A6-9E1B-4E0B4F23426A}.Debug|x64.Build.0 = Debug|x64
		{5F044342-CA76-49A6-9E1B-4E0B4F23426A}.Debug|x86.ActiveCfg = Debug|Win32
		{5F044342-CA76-49A6-9E1B-4E0B4F23426A}.Debug|x86.Build.0 = Debug|Win32
		{5F044342-CA76-49A6-9E1B-4E0B4F23426A}.Release|Any CPU.ActiveCfg = Release|Win32
		{5F044342-CA76-49A6-9E1B-4E0B4F23426A}.Release|x64.ActiveCfg = Release|x64
		{5F044342-CA76-49A6-9E1B-4E0B4F23426A}.Release|x64.Build.0 = Release|x64
		{5F044342-CA76-49A6-9E1B-4E0B4F23426A}.Release|x86.ActiveCfg = Release|Win32
		{5F044342-CA76-49A6-9E1B-4E0B4F23426A}.Release|x86.Build.0 = Release|Win32
		{F243334B-FD64-4684-AAC2-75D04E4BBE9E}.Debug|Any CPU.ActiveCfg = Debug|Any CPU
		{F243334B-FD64-4684-AAC2-75D04E4BBE9E}.Debug|Any CPU.Build.0 = Debug|Any CPU
		{F243334B-FD64-4684-AAC2-75D04E4BBE9E}.Debug|x64.ActiveCfg = Debug|Any CPU
		{F243334B-FD64-4684-AAC2-75D04E4BBE9E}.Debug|x64.Build.0 = Debug|Any CPU
		{F243334B-FD64-4684-AAC2-75D04E4BBE9E}.Debug|x86.ActiveCfg = Debug|Any CPU
		{F243334B-FD64-4684-AAC2-75D04E4BBE9E}.Debug|x86.Build.0 = Debug|Any CPU
		{F243334B-FD64-4684-AAC2-75D04E4BBE9E}.Release|Any CPU.ActiveCfg = Release|Any CPU
		{F243334B-FD64-4684-AAC2-75D04E4BBE9E}.Release|Any CPU.Build.0 = Release|Any CPU
		{F243334B-FD64-4684-AAC2-75D04E4BBE9E}.Release|x64.ActiveCfg = Release|Any CPU
		{F243334B-FD64-4684-AAC2-75D04E4BBE9E}.Release|x64.Build.0 = Release|Any CPU
		{F243334B-FD64-4684-AAC2-75D04E4BBE9E}.Release|x86.ActiveCfg = Release|Any CPU
		{F243334B-FD64-4684-AAC2-75D04E4BBE9E}.Release|x86.Build.0 = Release|Any CPU
	EndGlobalSection
	GlobalSection(SolutionProperties) = preSolution
		HideSolutionNode = FALSE
	EndGlobalSection
EndGlobal
