
Microsoft Visual Studio Solution File, Format Version 12.00
# Visual Studio 14
VisualStudioVersion = 14.0.24720.0
MinimumVisualStudioVersion = 10.0.40219.1
Project("{FAE04EC0-301F-11D3-BF4B-00C04F79EFBC}") = "AddLib", "AddLib\AddLib.csproj", "{B8FF8A95-90F2-4788-B3C0-8B7EF1C2ED85}"
EndProject
Project("{FAE04EC0-301F-11D3-BF4B-00C04F79EFBC}") = "TestProject", "TestProject\TestProject.csproj", "{A0B25FD2-027B-4B49-9A1A-AFACB0CF0705}"
EndProject
Global
	GlobalSection(SolutionConfigurationPlatforms) = preSolution
		Debug|Any CPU = Debug|Any CPU
		Release|Any CPU = Release|Any CPU
	EndGlobalSection
	GlobalSection(ProjectConfigurationPlatforms) = postSolution
		{B8FF8A95-90F2-4788-B3C0-8B7EF1C2ED85}.Debug|Any CPU.ActiveCfg = Debug|Any CPU
		{B8FF8A95-90F2-4788-B3C0-8B7EF1C2ED85}.Debug|Any CPU.Build.0 = Debug|Any CPU
		{B8FF8A95-90F2-4788-B3C0-8B7EF1C2ED85}.Release|Any CPU.ActiveCfg = Release|Any CPU
		{B8FF8A95-90F2-4788-B3C0-8B7EF1C2ED85}.Release|Any CPU.Build.0 = Release|Any CPU
		{A0B25FD2-027B-4B49-9A1A-AFACB0CF0705}.Debug|Any CPU.ActiveCfg = Debug|Any CPU
		{A0B25FD2-027B-4B49-9A1A-AFACB0CF0705}.Debug|Any CPU.Build.0 = Debug|Any CPU
		{A0B25FD2-027B-4B49-9A1A-AFACB0CF0705}.Release|Any CPU.ActiveCfg = Release|Any CPU
		{A0B25FD2-027B-4B49-9A1A-AFACB0CF0705}.Release|Any CPU.Build.0 = Release|Any CPU
	EndGlobalSection
	GlobalSection(SolutionProperties) = preSolution
		HideSolutionNode = FALSE
	EndGlobalSection
EndGlobal
