
Microsoft Visual Studio Solution File, Format Version 12.00
# Visual Studio 14
VisualStudioVersion = 14.0.24720.0
MinimumVisualStudioVersion = 10.0.40219.1
Project("{FAE04EC0-301F-11D3-BF4B-00C04F79EFBC}") = "StringSample", "StringSample\StringSample.csproj", "{A2E2BBF6-26C5-4E5B-8F00-A2FE7C3E6309}"
EndProject
Global
	GlobalSection(SolutionConfigurationPlatforms) = preSolution
		Debug|Any CPU = Debug|Any CPU
		Release|Any CPU = Release|Any CPU
	EndGlobalSection
	GlobalSection(ProjectConfigurationPlatforms) = postSolution
		{A2E2BBF6-26C5-4E5B-8F00-A2FE7C3E6309}.Debug|Any CPU.ActiveCfg = Debug|Any CPU
		{A2E2BBF6-26C5-4E5B-8F00-A2FE7C3E6309}.Debug|Any CPU.Build.0 = Debug|Any CPU
		{A2E2BBF6-26C5-4E5B-8F00-A2FE7C3E6309}.Release|Any CPU.ActiveCfg = Release|Any CPU
		{A2E2BBF6-26C5-4E5B-8F00-A2FE7C3E6309}.Release|Any CPU.Build.0 = Release|Any CPU
	EndGlobalSection
	GlobalSection(SolutionProperties) = preSolution
		HideSolutionNode = FALSE
	EndGlobalSection
EndGlobal
