
Microsoft Visual Studio Solution File, Format Version 12.00
# Visual Studio 14
VisualStudioVersion = 14.0.24720.0
MinimumVisualStudioVersion = 10.0.40219.1
Project("{FAE04EC0-301F-11D3-BF4B-00C04F79EFBC}") = "Server", "Server\Server.csproj", "{E49F2EBD-7B47-4AB5-90FB-9325BBF036AD}"
EndProject
Project("{FAE04EC0-301F-11D3-BF4B-00C04F79EFBC}") = "Client", "Client\Client.csproj", "{79622A89-0D82-4B4E-A378-F2E63C43FB1B}"
EndProject
Global
	GlobalSection(SolutionConfigurationPlatforms) = preSolution
		Debug|Any CPU = Debug|Any CPU
		Release|Any CPU = Release|Any CPU
	EndGlobalSection
	GlobalSection(ProjectConfigurationPlatforms) = postSolution
		{E49F2EBD-7B47-4AB5-90FB-9325BBF036AD}.Debug|Any CPU.ActiveCfg = Debug|Any CPU
		{E49F2EBD-7B47-4AB5-90FB-9325BBF036AD}.Debug|Any CPU.Build.0 = Debug|Any CPU
		{E49F2EBD-7B47-4AB5-90FB-9325BBF036AD}.Release|Any CPU.ActiveCfg = Release|Any CPU
		{E49F2EBD-7B47-4AB5-90FB-9325BBF036AD}.Release|Any CPU.Build.0 = Release|Any CPU
		{79622A89-0D82-4B4E-A378-F2E63C43FB1B}.Debug|Any CPU.ActiveCfg = Debug|Any CPU
		{79622A89-0D82-4B4E-A378-F2E63C43FB1B}.Debug|Any CPU.Build.0 = Debug|Any CPU
		{79622A89-0D82-4B4E-A378-F2E63C43FB1B}.Release|Any CPU.ActiveCfg = Release|Any CPU
		{79622A89-0D82-4B4E-A378-F2E63C43FB1B}.Release|Any CPU.Build.0 = Release|Any CPU
	EndGlobalSection
	GlobalSection(SolutionProperties) = preSolution
		HideSolutionNode = FALSE
	EndGlobalSection
EndGlobal
